
Microsoft Visual Studio Solution File, Format Version 12.00
# Visual Studio Version 16
VisualStudioVersion = 16.0.31624.102
MinimumVisualStudioVersion = 10.0.40219.1
Project("{FAE04EC0-301F-11D3-BF4B-00C04F79EFBC}") = "大作业视频播放器", "大作业视频播放器\大作业视频播放器.csproj", "{34824245-3842-4B30-9F1F-996745B030A3}"
EndProject
Global
	GlobalSection(SolutionConfigurationPlatforms) = preSolution
		Debug|Any CPU = Debug|Any CPU
		Release|Any CPU = Release|Any CPU
	EndGlobalSection
	GlobalSection(ProjectConfigurationPlatforms) = postSolution
		{34824245-3842-4B30-9F1F-996745B030A3}.Debug|Any CPU.ActiveCfg = Debug|Any CPU
		{34824245-3842-4B30-9F1F-996745B030A3}.Debug|Any CPU.Build.0 = Debug|Any CPU
		{34824245-3842-4B30-9F1F-996745B030A3}.Release|Any CPU.ActiveCfg = Release|Any CPU
		{34824245-3842-4B30-9F1F-996745B030A3}.Release|Any CPU.Build.0 = Release|Any CPU
	EndGlobalSection
	GlobalSection(SolutionProperties) = preSolution
		HideSolutionNode = FALSE
	EndGlobalSection
	GlobalSection(ExtensibilityGlobals) = postSolution
		SolutionGuid = {5E361293-F404-445C-A114-A75CFEEF8600}
	EndGlobalSection
EndGlobal
